
Microsoft Visual Studio Solution File, Format Version 12.00
# Visual Studio 15
VisualStudioVersion = 15.0.26730.16
MinimumVisualStudioVersion = 10.0.40219.1
Project("{FAE04EC0-301F-11D3-BF4B-00C04F79EFBC}") = "Garage", "Garage\Garage\Garage.csproj", "{C387A56F-3348-44B0-82B4-A35DC352FC98}"
EndProject
Project("{FAE04EC0-301F-11D3-BF4B-00C04F79EFBC}") = "Garage.Android", "Garage\Garage.Android\Garage.Android.csproj", "{0984DD2D-B9D9-45E1-B35B-59E3C757494A}"
EndProject
Project("{FAE04EC0-301F-11D3-BF4B-00C04F79EFBC}") = "Garage.iOS", "Garage\Garage.iOS\Garage.iOS.csproj", "{71510DD9-B797-426B-9535-F6EEEC271B99}"
EndProject
Project("{FAE04EC0-301F-11D3-BF4B-00C04F79EFBC}") = "Garage.UWP", "Garage\Garage.UWP\Garage.UWP.csproj", "{BA8878EB-1E57-44E7-AFDD-FD8DF74ED2EA}"
EndProject
Global
	GlobalSection(SolutionConfigurationPlatforms) = preSolution
		Debug|Any CPU = Debug|Any CPU
		Debug|ARM = Debug|ARM
		Debug|iPhone = Debug|iPhone
		Debug|iPhoneSimulator = Debug|iPhoneSimulator
		Debug|x64 = Debug|x64
		Debug|x86 = Debug|x86
		Release|Any CPU = Release|Any CPU
		Release|ARM = Release|ARM
		Release|iPhone = Release|iPhone
		Release|iPhoneSimulator = Release|iPhoneSimulator
		Release|x64 = Release|x64
		Release|x86 = Release|x86
	EndGlobalSection
	GlobalSection(ProjectConfigurationPlatforms) = postSolution
		{C387A56F-3348-44B0-82B4-A35DC352FC98}.Debug|Any CPU.ActiveCfg = Debug|Any CPU
		{C387A56F-3348-44B0-82B4-A35DC352FC98}.Debug|Any CPU.Build.0 = Debug|Any CPU
		{C387A56F-3348-44B0-82B4-A35DC352FC98}.Debug|ARM.ActiveCfg = Debug|Any CPU
		{C387A56F-3348-44B0-82B4-A35DC352FC98}.Debug|ARM.Build.0 = Debug|Any CPU
		{C387A56F-3348-44B0-82B4-A35DC352FC98}.Debug|iPhone.ActiveCfg = Debug|Any CPU
		{C387A56F-3348-44B0-82B4-A35DC352FC98}.Debug|iPhone.Build.0 = Debug|Any CPU
		{C387A56F-3348-44B0-82B4-A35DC352FC98}.Debug|iPhoneSimulator.ActiveCfg = Debug|Any CPU
		{C387A56F-3348-44B0-82B4-A35DC352FC98}.Debug|iPhoneSimulator.Build.0 = Debug|Any CPU
		{C387A56F-3348-44B0-82B4-A35DC352FC98}.Debug|x64.ActiveCfg = Debug|Any CPU
		{C387A56F-3348-44B0-82B4-A35DC352FC98}.Debug|x64.Build.0 = Debug|Any CPU
		{C387A56F-3348-44B0-82B4-A35DC352FC98}.Debug|x86.ActiveCfg = Debug|Any CPU
		{C387A56F-3348-44B0-82B4-A35DC352FC98}.Debug|x86.Build.0 = Debug|Any CPU
		{C387A56F-3348-44B0-82B4-A35DC352FC98}.Release|Any CPU.ActiveCfg = Release|Any CPU
		{C387A56F-3348-44B0-82B4-A35DC352FC98}.Release|Any CPU.Build.0 = Release|Any CPU
		{C387A56F-3348-44B0-82B4-A35DC352FC98}.Release|ARM.ActiveCfg = Release|Any CPU
		{C387A56F-3348-44B0-82B4-A35DC352FC98}.Release|ARM.Build.0 = Release|Any CPU
		{C387A56F-3348-44B0-82B4-A35DC352FC98}.Release|iPhone.ActiveCfg = Release|Any CPU
		{C387A56F-3348-44B0-82B4-A35DC352FC98}.Release|iPhone.Build.0 = Release|Any CPU
		{C387A56F-3348-44B0-82B4-A35DC352FC98}.Release|iPhoneSimulator.ActiveCfg = Release|Any CPU
		{C387A56F-3348-44B0-82B4-A35DC352FC98}.Release|iPhoneSimulator.Build.0 = Release|Any CPU
		{C387A56F-3348-44B0-82B4-A35DC352FC98}.Release|x64.ActiveCfg = Release|Any CPU
		{C387A56F-3348-44B0-82B4-A35DC352FC98}.Release|x64.Build.0 = Release|Any CPU
		{C387A56F-3348-44B0-82B4-A35DC352FC98}.Release|x86.ActiveCfg = Release|Any CPU
		{C387A56F-3348-44B0-82B4-A35DC352FC98}.Release|x86.Build.0 = Release|Any CPU
		{0984DD2D-B9D9-45E1-B35B-59E3C757494A}.Debug|Any CPU.ActiveCfg = Debug|Any CPU
		{0984DD2D-B9D9-45E1-B35B-59E3C757494A}.Debug|Any CPU.Build.0 = Debug|Any CPU
		{0984DD2D-B9D9-45E1-B35B-59E3C757494A}.Debug|Any CPU.Deploy.0 = Debug|Any CPU
		{0984DD2D-B9D9-45E1-B35B-59E3C757494A}.Debug|ARM.ActiveCfg = Debug|Any CPU
		{0984DD2D-B9D9-45E1-B35B-59E3C757494A}.Debug|ARM.Build.0 = Debug|Any CPU
		{0984DD2D-B9D9-45E1-B35B-59E3C757494A}.Debug|ARM.Deploy.0 = Debug|Any CPU
		{0984DD2D-B9D9-45E1-B35B-59E3C757494A}.Debug|iPhone.ActiveCfg = Debug|Any CPU
		{0984DD2D-B9D9-45E1-B35B-59E3C757494A}.Debug|iPhone.Build.0 = Debug|Any CPU
		{0984DD2D-B9D9-45E1-B35B-59E3C757494A}.Debug|iPhone.Deploy.0 = Debug|Any CPU
		{0984DD2D-B9D9-45E1-B35B-59E3C757494A}.Debug|iPhoneSimulator.ActiveCfg = Debug|Any CPU
		{0984DD2D-B9D9-45E1-B35B-59E3C757494A}.Debug|iPhoneSimulator.Build.0 = Debug|Any CPU
		{0984DD2D-B9D9-45E1-B35B-59E3C757494A}.Debug|iPhoneSimulator.Deploy.0 = Debug|Any CPU
		{0984DD2D-B9D9-45E1-B35B-59E3C757494A}.Debug|x64.ActiveCfg = Debug|Any CPU
		{0984DD2D-B9D9-45E1-B35B-59E3C757494A}.Debug|x64.Build.0 = Debug|Any CPU
		{0984DD2D-B9D9-45E1-B35B-59E3C757494A}.Debug|x64.Deploy.0 = Debug|Any CPU
		{0984DD2D-B9D9-45E1-B35B-59E3C757494A}.Debug|x86.ActiveCfg = Debug|Any CPU
		{0984DD2D-B9D9-45E1-B35B-59E3C757494A}.Debug|x86.Build.0 = Debug|Any CPU
		{0984DD2D-B9D9-45E1-B35B-59E3C757494A}.Debug|x86.Deploy.0 = Debug|Any CPU
		{0984DD2D-B9D9-45E1-B35B-59E3C757494A}.Release|Any CPU.ActiveCfg = Release|Any CPU
		{0984DD2D-B9D9-45E1-B35B-59E3C757494A}.Release|Any CPU.Build.0 = Release|Any CPU
		{0984DD2D-B9D9-45E1-B35B-59E3C757494A}.Release|Any CPU.Deploy.0 = Release|Any CPU
		{0984DD2D-B9D9-45E1-B35B-59E3C757494A}.Release|ARM.ActiveCfg = Release|Any CPU
		{0984DD2D-B9D9-45E1-B35B-59E3C757494A}.Release|ARM.Build.0 = Release|Any CPU
		{0984DD2D-B9D9-45E1-B35B-59E3C757494A}.Release|ARM.Deploy.0 = Release|Any CPU
		{0984DD2D-B9D9-45E1-B35B-59E3C757494A}.Release|iPhone.ActiveCfg = Release|Any CPU
		{0984DD2D-B9D9-45E1-B35B-59E3C757494A}.Release|iPhone.Build.0 = Release|Any CPU
		{0984DD2D-B9D9-45E1-B35B-59E3C757494A}.Release|iPhone.Deploy.0 = Release|Any CPU
		{0984DD2D-B9D9-45E1-B35B-59E3C757494A}.Release|iPhoneSimulator.ActiveCfg = Release|Any CPU
		{0984DD2D-B9D9-45E1-B35B-59E3C757494A}.Release|iPhoneSimulator.Build.0 = Release|Any CPU
		{0984DD2D-B9D9-45E1-B35B-59E3C757494A}.Release|iPhoneSimulator.Deploy.0 = Release|Any CPU
		{0984DD2D-B9D9-45E1-B35B-59E3C757494A}.Release|x64.ActiveCfg = Release|Any CPU
		{0984DD2D-B9D9-45E1-B35B-59E3C757494A}.Release|x64.Build.0 = Release|Any CPU
		{0984DD2D-B9D9-45E1-B35B-59E3C757494A}.Release|x64.Deploy.0 = Release|Any CPU
		{0984DD2D-B9D9-45E1-B35B-59E3C757494A}.Release|x86.ActiveCfg = Release|Any CPU
		{0984DD2D-B9D9-45E1-B35B-59E3C757494A}.Release|x86.Build.0 = Release|Any CPU
		{0984DD2D-B9D9-45E1-B35B-59E3C757494A}.Release|x86.Deploy.0 = Release|Any CPU
		{71510DD9-B797-426B-9535-F6EEEC271B99}.Debug|Any CPU.ActiveCfg = Debug|iPhone
		{71510DD9-B797-426B-9535-F6EEEC271B99}.Debug|ARM.ActiveCfg = Debug|iPhone
		{71510DD9-B797-426B-9535-F6EEEC271B99}.Debug|iPhone.ActiveCfg = Debug|iPhone
		{71510DD9-B797-426B-9535-F6EEEC271B99}.Debug|iPhone.Build.0 = Debug|iPhone
		{71510DD9-B797-426B-9535-F6EEEC271B99}.Debug|iPhoneSimulator.ActiveCfg = Debug|iPhoneSimulator
		{71510DD9-B797-426B-9535-F6EEEC271B99}.Debug|iPhoneSimulator.Build.0 = Debug|iPhoneSimulator
		{71510DD9-B797-426B-9535-F6EEEC271B99}.Debug|x64.ActiveCfg = Debug|iPhone
		{71510DD9-B797-426B-9535-F6EEEC271B99}.Debug|x86.ActiveCfg = Debug|iPhone
		{71510DD9-B797-426B-9535-F6EEEC271B99}.Release|Any CPU.ActiveCfg = Release|iPhone
		{71510DD9-B797-426B-9535-F6EEEC271B99}.Release|ARM.ActiveCfg = Release|iPhone
		{71510DD9-B797-426B-9535-F6EEEC271B99}.Release|iPhone.ActiveCfg = Release|iPhone
		{71510DD9-B797-426B-9535-F6EEEC271B99}.Release|iPhone.Build.0 = Release|iPhone
		{71510DD9-B797-426B-9535-F6EEEC271B99}.Release|iPhoneSimulator.ActiveCfg = Release|iPhoneSimulator
		{71510DD9-B797-426B-9535-F6EEEC271B99}.Release|iPhoneSimulator.Build.0 = Release|iPhoneSimulator
		{71510DD9-B797-426B-9535-F6EEEC271B99}.Release|x64.ActiveCfg = Release|iPhone
		{71510DD9-B797-426B-9535-F6EEEC271B99}.Release|x86.ActiveCfg = Release|iPhone
		{BA8878EB-1E57-44E7-AFDD-FD8DF74ED2EA}.Debug|Any CPU.ActiveCfg = Debug|x86
		{BA8878EB-1E57-44E7-AFDD-FD8DF74ED2EA}.Debug|ARM.ActiveCfg = Debug|ARM
		{BA8878EB-1E57-44E7-AFDD-FD8DF74ED2EA}.Debug|ARM.Build.0 = Debug|ARM
		{BA8878EB-1E57-44E7-AFDD-FD8DF74ED2EA}.Debug|ARM.Deploy.0 = Debug|ARM
		{BA8878EB-1E57-44E7-AFDD-FD8DF74ED2EA}.Debug|iPhone.ActiveCfg = Debug|x86
		{BA8878EB-1E57-44E7-AFDD-FD8DF74ED2EA}.Debug|iPhoneSimulator.ActiveCfg = Debug|x86
		{BA8878EB-1E57-44E7-AFDD-FD8DF74ED2EA}.Debug|x64.ActiveCfg = Debug|x64
		{BA8878EB-1E57-44E7-AFDD-FD8DF74ED2EA}.Debug|x64.Build.0 = Debug|x64
		{BA8878EB-1E57-44E7-AFDD-FD8DF74ED2EA}.Debug|x64.Deploy.0 = Debug|x64
		{BA8878EB-1E57-44E7-AFDD-FD8DF74ED2EA}.Debug|x86.ActiveCfg = Debug|x86
		{BA8878EB-1E57-44E7-AFDD-FD8DF74ED2EA}.Debug|x86.Build.0 = Debug|x86
		{BA8878EB-1E57-44E7-AFDD-FD8DF74ED2EA}.Debug|x86.Deploy.0 = Debug|x86
		{BA8878EB-1E57-44E7-AFDD-FD8DF74ED2EA}.Release|Any CPU.ActiveCfg = Release|x86
		{BA8878EB-1E57-44E7-AFDD-FD8DF74ED2EA}.Release|ARM.ActiveCfg = Release|ARM
		{BA8878EB-1E57-44E7-AFDD-FD8DF74ED2EA}.Release|ARM.Build.0 = Release|ARM
		{BA8878EB-1E57-44E7-AFDD-FD8DF74ED2EA}.Release|ARM.Deploy.0 = Release|ARM
		{BA8878EB-1E57-44E7-AFDD-FD8DF74ED2EA}.Release|iPhone.ActiveCfg = Release|x86
		{BA8878EB-1E57-44E7-AFDD-FD8DF74ED2EA}.Release|iPhoneSimulator.ActiveCfg = Release|x86
		{BA8878EB-1E57-44E7-AFDD-FD8DF74ED2EA}.Release|x64.ActiveCfg = Release|x64
		{BA8878EB-1E57-44E7-AFDD-FD8DF74ED2EA}.Release|x64.Build.0 = Release|x64
		{BA8878EB-1E57-44E7-AFDD-FD8DF74ED2EA}.Release|x64.Deploy.0 = Release|x64
		{BA8878EB-1E57-44E7-AFDD-FD8DF74ED2EA}.Release|x86.ActiveCfg = Release|x86
		{BA8878EB-1E57-44E7-AFDD-FD8DF74ED2EA}.Release|x86.Build.0 = Release|x86
		{BA8878EB-1E57-44E7-AFDD-FD8DF74ED2EA}.Release|x86.Deploy.0 = Release|x86
	EndGlobalSection
	GlobalSection(SolutionProperties) = preSolution
		HideSolutionNode = FALSE
	EndGlobalSection
	GlobalSection(ExtensibilityGlobals) = postSolution
		SolutionGuid = {B15E9345-BA05-490E-BB6C-B25400443CB6}
	EndGlobalSection
EndGlobal
